# THIS IS AN AUTOGENERATED FILE. DO NOT EDIT THIS FILE DIRECTLY.
# yarn lockfile v1


"@cspotcode/source-map-consumer@0.8.0":
  version "0.8.0"
  resolved "https://registry.yarnpkg.com/@cspotcode/source-map-consumer/-/source-map-consumer-0.8.0.tgz#33bf4b7b39c178821606f669bbc447a6a629786b"
  integrity sha512-41qniHzTU8yAGbCp04ohlmSrZf8bkf/iJsl3V0dRGsQN/5GFfx+LbCSsCpp2gqrqjTVg/K6O8ycoV35JIwAzAg==

"@cspotcode/source-map-support@0.7.0":
  version "0.7.0"
  resolved "https://registry.yarnpkg.com/@cspotcode/source-map-support/-/source-map-support-0.7.0.tgz#4789840aa859e46d2f3173727ab707c66bf344f5"
  integrity sha512-X4xqRHqN8ACt2aHVe51OxeA2HjbcL4MqFqXkrmQszJ1NOUuUu5u6Vqx/0lZSVNku7velL5FC/s5uEAj1lsBMhA==
  dependencies:
    "@cspotcode/source-map-consumer" "0.8.0"

"@sindresorhus/is@^5.2.0":
  version "5.3.0"
  resolved "https://registry.yarnpkg.com/@sindresorhus/is/-/is-5.3.0.tgz#0ec9264cf54a527671d990eb874e030b55b70dcc"
  integrity sha512-CX6t4SYQ37lzxicAqsBtxA3OseeoVrh9cSJ5PFYam0GksYlupRfy1A+Q4aYD3zvcfECLc0zO2u+ZnR2UYKvCrw==

"@szmarczak/http-timer@^5.0.1":
  version "5.0.1"
  resolved "https://registry.yarnpkg.com/@szmarczak/http-timer/-/http-timer-5.0.1.tgz#c7c1bf1141cdd4751b0399c8fc7b8b664cd5be3a"
  integrity sha512-+PmQX0PiAYPMeVYe237LJAYvOMYW1j2rH5YROyS3b4CTVJum34HfRvKvAzozHAQG0TnHNdUfY9nCeUyRAs//cw==
  dependencies:
    defer-to-connect "^2.0.1"

"@tsconfig/node10@^1.0.7":
  version "1.0.8"
  resolved "https://registry.yarnpkg.com/@tsconfig/node10/-/node10-1.0.8.tgz#c1e4e80d6f964fbecb3359c43bd48b40f7cadad9"
  integrity sha512-6XFfSQmMgq0CFLY1MslA/CPUfhIL919M1rMsa5lP2P097N2Wd1sSX0tx1u4olM16fLNhtHZpRhedZJphNJqmZg==

"@tsconfig/node12@^1.0.7":
  version "1.0.9"
  resolved "https://registry.yarnpkg.com/@tsconfig/node12/-/node12-1.0.9.tgz#62c1f6dee2ebd9aead80dc3afa56810e58e1a04c"
  integrity sha512-/yBMcem+fbvhSREH+s14YJi18sp7J9jpuhYByADT2rypfajMZZN4WQ6zBGgBKp53NKmqI36wFYDb3yaMPurITw==

"@tsconfig/node14@^1.0.0":
  version "1.0.1"
  resolved "https://registry.yarnpkg.com/@tsconfig/node14/-/node14-1.0.1.tgz#95f2d167ffb9b8d2068b0b235302fafd4df711f2"
  integrity sha512-509r2+yARFfHHE7T6Puu2jjkoycftovhXRqW328PDXTVGKihlb1P8Z9mMZH04ebyajfRY7dedfGynlrFHJUQCg==

"@tsconfig/node16@^1.0.2":
  version "1.0.2"
  resolved "https://registry.yarnpkg.com/@tsconfig/node16/-/node16-1.0.2.tgz#423c77877d0569db20e1fc80885ac4118314010e"
  integrity sha512-eZxlbI8GZscaGS7kkc/trHTT5xgrjH3/1n2JDwusC9iahPKWMRvRjJSAN5mCXviuTGQ/lHnhvv8Q1YTpnfz9gA==

"@types/cookiejar@*":
  version "2.1.1"
  resolved "https://registry.yarnpkg.com/@types/cookiejar/-/cookiejar-2.1.1.tgz#90b68446364baf9efd8e8349bb36bd3852b75b80"
  integrity sha512-aRnpPa7ysx3aNW60hTiCtLHlQaIFsXFCgQlpakNgDNVFzbtusSY8PwjAQgRWfSk0ekNoBjO51eQRB6upA9uuyw==

"@types/node-fetch@2.5.12":
  version "2.5.12"
  resolved "https://registry.yarnpkg.com/@types/node-fetch/-/node-fetch-2.5.12.tgz#8a6f779b1d4e60b7a57fb6fd48d84fb545b9cc66"
  integrity sha512-MKgC4dlq4kKNa/mYrwpKfzQMB5X3ee5U6fSprkKpToBqBmX4nFZL9cW5jl6sWn+xpRJ7ypWh2yyqqr8UUCstSw==
  dependencies:
    "@types/node" "*"
    form-data "^3.0.0"

"@types/node@*", "@types/node@16.7.1":
  version "16.7.1"
  resolved "https://registry.yarnpkg.com/@types/node/-/node-16.7.1.tgz#c6b9198178da504dfca1fd0be9b2e1002f1586f0"
  integrity sha512-ncRdc45SoYJ2H4eWU9ReDfp3vtFqDYhjOsKlFFUDEn8V1Bgr2RjYal8YT5byfadWIRluhPFU6JiDOl0H6Sl87A==

"@types/superagent@4.1.12":
  version "4.1.12"
  resolved "https://registry.yarnpkg.com/@types/superagent/-/superagent-4.1.12.tgz#fad68c6712936892ad24cf94f2f7a07cc749fd0f"
  integrity sha512-1GQvD6sySQPD6p9EopDFI3f5OogdICl1sU/2ij3Esobz/RtL9fWZZDPmsuv7eiy5ya+XNiPAxUcI3HIUTJa+3A==
  dependencies:
    "@types/cookiejar" "*"
    "@types/node" "*"

abort-controller@3.0.0:
  version "3.0.0"
  resolved "https://registry.yarnpkg.com/abort-controller/-/abort-controller-3.0.0.tgz#eaf54d53b62bae4138e809ca225c8439a6efb392"
  integrity sha512-h8lQ8tacZYnR3vNQTgibj+tODHI5/+l06Au2Pcriv/Gmet0eaj4TwWH41sO9wnHDiQsEj19q0drzdWdeAHtweg==
  dependencies:
    event-target-shim "^5.0.0"

acorn-walk@^8.1.1:
  version "8.1.1"
  resolved "https://registry.yarnpkg.com/acorn-walk/-/acorn-walk-8.1.1.tgz#3ddab7f84e4a7e2313f6c414c5b7dac85f4e3ebc"
  integrity sha512-FbJdceMlPHEAWJOILDk1fXD8lnTlEIWFkqtfk+MvmL5q/qlHfN7GEHcsFZWt/Tea9jRNPWUZG4G976nqAAmU9w==

acorn@^8.4.1:
  version "8.4.1"
  resolved "https://registry.yarnpkg.com/acorn/-/acorn-8.4.1.tgz#56c36251fc7cabc7096adc18f05afe814321a28c"
  integrity sha512-asabaBSkEKosYKMITunzX177CXxQ4Q8BSSzMTKD+FefUhipQC70gfW5SiUDhYQ3vk8G+81HqQk7Fv9OXwwn9KA==

arg@^4.1.0:
  version "4.1.3"
  resolved "https://registry.yarnpkg.com/arg/-/arg-4.1.3.tgz#269fc7ad5b8e42cb63c896d5666017261c144089"
  integrity sha512-58S9QDqG0Xx27YwPSt9fJxivjYl432YCwfDMfZ+71RAqUrZef7LrKQZ3LHLOwCS4FLNBplP533Zx895SeOCHvA==

asynckit@^0.4.0:
  version "0.4.0"
  resolved "https://registry.yarnpkg.com/asynckit/-/asynckit-0.4.0.tgz#c79ed97f7f34cb8f2ba1bc9790bcc366474b4b79"
  integrity sha1-x57Zf380y48robyXkLzDZkdLS3k=

axios@0.21.1:
  version "0.21.1"
  resolved "https://registry.yarnpkg.com/axios/-/axios-0.21.1.tgz#22563481962f4d6bde9a76d516ef0e5d3c09b2b8"
  integrity sha512-dKQiRHxGD9PPRIUNIWvZhPTPpl1rf/OxTYKsqKUDjBwYylTvV7SjSHJb9ratfyzM6wCdLCOYLzs73qpg5c4iGA==
  dependencies:
    follow-redirects "^1.10.0"

cacheable-lookup@6.0.4:
  version "6.0.4"
  resolved "https://registry.yarnpkg.com/cacheable-lookup/-/cacheable-lookup-6.0.4.tgz#65c0e51721bb7f9f2cb513aed6da4a1b93ad7dc8"
  integrity sha512-mbcDEZCkv2CZF4G01kr8eBd/5agkt9oCqz75tJMSIsquvRZ2sL6Hi5zGVKi/0OSC9oO1GHfJ2AV0ZIOY9vye0A==

cacheable-lookup@^6.0.4:
  version "6.1.0"
  resolved "https://registry.yarnpkg.com/cacheable-lookup/-/cacheable-lookup-6.1.0.tgz#0330a543471c61faa4e9035db583aad753b36385"
  integrity sha512-KJ/Dmo1lDDhmW2XDPMo+9oiy/CeqosPguPCrgcVzKyZrL6pM1gU2GmPY/xo6OQPTUaA/c0kwHuywB4E6nmT9ww==

cacheable-request@^10.1.2:
  version "10.1.2"
  resolved "https://registry.yarnpkg.com/cacheable-request/-/cacheable-request-10.1.2.tgz#93f77290eebfdff7f4d813ba7d0fa2502c180eec"
  integrity sha512-N7F4os5ZI+8mWHSbeJmxn+qimf5uK3WU53FD1b298XLGtOLPpSA/1xAchfP4NJlDwqgaviZ0SQfxTQD0K6lr9w==
  dependencies:
    get-stream "^6.0.1"
    http-cache-semantics "^4.1.0"
    keyv "^4.5.0"
    mimic-response "^4.0.0"
    normalize-url "^7.1.0"
    responselike "^3.0.0"

combined-stream@^1.0.8:
  version "1.0.8"
  resolved "https://registry.yarnpkg.com/combined-stream/-/combined-stream-1.0.8.tgz#c3d45a8b34fd730631a110a8a2520682b31d5a7f"
  integrity sha512-FQN4MRfuJeHf7cBbBMJFXhKSDq+2kAArBlmRBvcvFE5BB1HZKXtSFASDhdlz9zOYwxh8lDdnvmMOe/+5cdoEdg==
  dependencies:
    delayed-stream "~1.0.0"

component-emitter@^1.3.0:
  version "1.3.0"
  resolved "https://registry.yarnpkg.com/component-emitter/-/component-emitter-1.3.0.tgz#16e4070fba8ae29b679f2215853ee181ab2eabc0"
  integrity sha512-Rd3se6QB+sO1TwqZjscQrurpEPIfO0/yYnSin6Q/rD3mOutHvUrCAhJub3r90uNb+SESBuE0QYoB90YdfatsRg==

cookiejar@^2.1.2:
  version "2.1.2"
  resolved "https://registry.yarnpkg.com/cookiejar/-/cookiejar-2.1.2.tgz#dd8a235530752f988f9a0844f3fc589e3111125c"
  integrity sha512-Mw+adcfzPxcPeI+0WlvRrr/3lGVO0bD75SxX6811cxSh1Wbxx7xZBGK1eVtDf6si8rg2lhnUjsVLMFMfbRIuwA==

create-require@^1.1.0:
  version "1.1.1"
  resolved "https://registry.yarnpkg.com/create-require/-/create-require-1.1.1.tgz#c1d7e8f1e5f6cfc9ff65f9cd352d37348756c333"
  integrity sha512-dcKFX3jn0MpIaXjisoRvexIJVEKzaq7z2rZKxf+MSr9TkdmHmsU4m2lcLojrj/FHl8mk5VxMmYA+ftRkP/3oKQ==

debug@^4.1.1:
  version "4.1.1"
  resolved "https://registry.yarnpkg.com/debug/-/debug-4.1.1.tgz#3b72260255109c6b589cee050f1d516139664791"
  integrity sha512-pYAIzeRo8J6KPEaJ0VWOh5Pzkbw/RetuzehGM7QRRX5he4fPHx2rdKMB256ehJCkX+XRQm16eZLqLNS8RSZXZw==
  dependencies:
    ms "^2.1.1"

decompress-response@^6.0.0:
  version "6.0.0"
  resolved "https://registry.yarnpkg.com/decompress-response/-/decompress-response-6.0.0.tgz#ca387612ddb7e104bd16d85aab00d5ecf09c66fc"
  integrity sha512-aW35yZM6Bb/4oJlZncMH2LCoZtJXTRxES17vE3hoRiowU2kWHaJKFkSBDnDR+cm9J+9QhXmREyIfv0pji9ejCQ==
  dependencies:
    mimic-response "^3.1.0"

defer-to-connect@^2.0.1:
  version "2.0.1"
  resolved "https://registry.yarnpkg.com/defer-to-connect/-/defer-to-connect-2.0.1.tgz#8016bdb4143e4632b77a3449c6236277de520587"
  integrity sha512-4tvttepXG1VaYGrRibk5EwJd1t4udunSOVMdLSAL6mId1ix438oPwPZMALY41FCijukO1L0twNcGsdzS7dHgDg==

delayed-stream@~1.0.0:
  version "1.0.0"
  resolved "https://registry.yarnpkg.com/delayed-stream/-/delayed-stream-1.0.0.tgz#df3ae199acadfb7d440aaae0b29e2272b24ec619"
  integrity sha1-3zrhmayt+31ECqrgsp4icrJOxhk=

diff@^4.0.1:
  version "4.0.2"
  resolved "https://registry.yarnpkg.com/diff/-/diff-4.0.2.tgz#60f3aecb89d5fae520c11aa19efc2bb982aade7d"
  integrity sha512-58lmxKSA4BNyLz+HHMUzlOEpg09FV+ev6ZMe3vJihgdxzgcwZ8VoEEPmALCZG9LmqfVoNMMKpttIYTVG6uDY7A==

event-target-shim@^5.0.0:
  version "5.0.1"
  resolved "https://registry.yarnpkg.com/event-target-shim/-/event-target-shim-5.0.1.tgz#5d4d3ebdf9583d63a5333ce2deb7480ab2b05789"
  integrity sha512-i/2XbnSz/uxRCU6+NdVJgKWDTM427+MqYbkQzD321DuCQJUqOuJKIA0IM2+W2xtYHdKOmZ4dR6fExsd4SXL+WQ==

fast-safe-stringify@^2.0.7:
  version "2.0.7"
  resolved "https://registry.yarnpkg.com/fast-safe-stringify/-/fast-safe-stringify-2.0.7.tgz#124aa885899261f68aedb42a7c080de9da608743"
  integrity sha512-Utm6CdzT+6xsDk2m8S6uL8VHxNwI6Jub+e9NYTcAms28T84pTa25GJQV9j0CY0N1rM8hK4x6grpF2BQf+2qwVA==

follow-redirects@^1.10.0:
  version "1.14.7"
  resolved "https://registry.yarnpkg.com/follow-redirects/-/follow-redirects-1.14.7.tgz#2004c02eb9436eee9a21446a6477debf17e81685"
  integrity sha512-+hbxoLbFMbRKDwohX8GkTataGqO6Jb7jGwpAlwgy2bIz25XtRm7KEzJM76R1WiNT5SwZkX4Y75SwBolkpmE7iQ==

form-data-encoder@^2.1.2:
  version "2.1.2"
  resolved "https://registry.yarnpkg.com/form-data-encoder/-/form-data-encoder-2.1.2.tgz#5996b7c236e8c418d08316055a2235226c5e4061"
  integrity sha512-FCaIOVTRA9E0siY6FeXid7D5yrCqpsErplUkE2a1BEiKj1BE9z6FbKB4ntDTwC4NVLie9p+4E9nX4mWwEOT05A==

form-data@^3.0.0:
  version "3.0.0"
  resolved "https://registry.yarnpkg.com/form-data/-/form-data-3.0.0.tgz#31b7e39c85f1355b7139ee0c647cf0de7f83c682"
  integrity sha512-CKMFDglpbMi6PyN+brwB9Q/GOw0eAnsrEZDgcsH5Krhz5Od/haKHAX0NmQfha2zPPz0JpWzA7GJHGSnvCRLWsg==
  dependencies:
    asynckit "^0.4.0"
    combined-stream "^1.0.8"
    mime-types "^2.1.12"

formidable@^1.2.2:
  version "1.2.2"
  resolved "https://registry.yarnpkg.com/formidable/-/formidable-1.2.2.tgz#bf69aea2972982675f00865342b982986f6b8dd9"
  integrity sha512-V8gLm+41I/8kguQ4/o1D3RIHRmhYFG4pnNyonvua+40rqcEmT4+V71yaZ3B457xbbgCsCfjSPi65u/W6vK1U5Q==

get-stream@^6.0.1:
  version "6.0.1"
  resolved "https://registry.yarnpkg.com/get-stream/-/get-stream-6.0.1.tgz#a262d8eef67aced57c2852ad6167526a43cbf7b7"
  integrity sha512-ts6Wi+2j3jQjqi70w5AlN8DFnkSwC+MqmxEzdEALB2qXZYV3X/b1CTfgPLGJNMeAWxdPfU8FO1ms3NUfaHCPYg==

got@12.5.0:
  version "12.5.0"
  resolved "https://registry.yarnpkg.com/got/-/got-12.5.0.tgz#b31c556aa25a14ea06f173da888860984f323d3b"
  integrity sha512-/Bneo/L6bLN1wDyJCeRZ3CLoixvwb9v3rE3IHulFSfTHwP85xSr4QatA8K0c6GlL5+mc4IZ57BzluNZJiXvHIg==
  dependencies:
    "@sindresorhus/is" "^5.2.0"
    "@szmarczak/http-timer" "^5.0.1"
    cacheable-lookup "^6.0.4"
    cacheable-request "^10.1.2"
    decompress-response "^6.0.0"
    form-data-encoder "^2.1.2"
    get-stream "^6.0.1"
    http2-wrapper "^2.1.10"
    lowercase-keys "^3.0.0"
    p-cancelable "^3.0.0"
    responselike "^3.0.0"

hpagent@0.1.2:
  version "0.1.2"
  resolved "https://registry.yarnpkg.com/hpagent/-/hpagent-0.1.2.tgz#cab39c66d4df2d4377dbd212295d878deb9bdaa9"
  integrity sha512-ePqFXHtSQWAFXYmj+JtOTHr84iNrII4/QRlAAPPE+zqnKy4xJo7Ie1Y4kC7AdB+LxLxSTTzBMASsEcy0q8YyvQ==

http-cache-semantics@^4.1.0:
  version "4.1.0"
  resolved "https://registry.yarnpkg.com/http-cache-semantics/-/http-cache-semantics-4.1.0.tgz#49e91c5cbf36c9b94bcfcd71c23d5249ec74e390"
  integrity sha512-carPklcUh7ROWRK7Cv27RPtdhYhUsela/ue5/jKzjegVvXDqM2ILE9Q2BGn9JZJh1g87cp56su/FgQSzcWS8cQ==

http2-wrapper@^2.1.10:
  version "2.1.11"
  resolved "https://registry.yarnpkg.com/http2-wrapper/-/http2-wrapper-2.1.11.tgz#d7c980c7ffb85be3859b6a96c800b2951ae257ef"
  integrity sha512-aNAk5JzLturWEUiuhAN73Jcbq96R7rTitAoXV54FYMatvihnpD2+6PUgU4ce3D/m5VDbw+F5CsyKSF176ptitQ==
  dependencies:
    quick-lru "^5.1.1"
    resolve-alpn "^1.2.0"

inherits@^2.0.3:
  version "2.0.4"
  resolved "https://registry.yarnpkg.com/inherits/-/inherits-2.0.4.tgz#0fa2c64f932917c3433a0ded55363aae37416b7c"
  integrity sha512-k/vGaX4/Yla3WzyMCvTQOXYeIHvqOKtnqBduzTHpzpQZzAskKMhZ2K+EnBiSM9zGSoIFeMpXKxa4dYeZIQqewQ==

json-buffer@3.0.1:
  version "3.0.1"
  resolved "https://registry.yarnpkg.com/json-buffer/-/json-buffer-3.0.1.tgz#9338802a30d3b6605fbe0613e094008ca8c05a13"
  integrity sha512-4bV5BfR2mqfQTJm+V5tPPdf+ZpuhiIvTuAB5g8kcrXOZpTT/QwwVRWBywX1ozr6lEuPdbHxwaJlm9G6mI2sfSQ==

keyv@^4.5.0:
  version "4.5.0"
  resolved "https://registry.yarnpkg.com/keyv/-/keyv-4.5.0.tgz#dbce9ade79610b6e641a9a65f2f6499ba06b9bc6"
  integrity sha512-2YvuMsA+jnFGtBareKqgANOEKe1mk3HKiXu2fRmAfyxG0MJAywNhi5ttWA3PMjl4NmpyjZNbFifR2vNjW1znfA==
  dependencies:
    json-buffer "3.0.1"

lodash@^4.17.19:
  version "4.17.21"
  resolved "https://registry.yarnpkg.com/lodash/-/lodash-4.17.21.tgz#679591c564c3bffaae8454cf0b3df370c3d6911c"
  integrity sha512-v2kDEe57lecTulaDIuNTPy3Ry4gLGJ6Z1O3vE1krgXZNrsQ+LFTGHVxVjcXPs17LhbZVGedAJv8XZ1tvj5FvSg==

lowercase-keys@^3.0.0:
  version "3.0.0"
  resolved "https://registry.yarnpkg.com/lowercase-keys/-/lowercase-keys-3.0.0.tgz#c5e7d442e37ead247ae9db117a9d0a467c89d4f2"
  integrity sha512-ozCC6gdQ+glXOQsveKD0YsDy8DSQFjDTz4zyzEHNV5+JP5D62LmfDZ6o1cycFx9ouG940M5dE8C8CTewdj2YWQ==

make-error@^1.1.1:
  version "1.3.6"
  resolved "https://registry.yarnpkg.com/make-error/-/make-error-1.3.6.tgz#2eb2e37ea9b67c4891f684a1394799af484cf7a2"
  integrity sha512-s8UhlNe7vPKomQhC1qFelMokr/Sc3AgNbso3n74mVPA5LTZwkB9NlXf4XPamLxJE8h0gh73rM94xvwRT2CVInw==

methods@^1.1.2:
  version "1.1.2"
  resolved "https://registry.yarnpkg.com/methods/-/methods-1.1.2.tgz#5529a4d67654134edcc5266656835b0f851afcee"
  integrity sha1-VSmk1nZUE07cxSZmVoNbD4Ua/O4=

mime-db@1.44.0:
  version "1.44.0"
  resolved "https://registry.yarnpkg.com/mime-db/-/mime-db-1.44.0.tgz#fa11c5eb0aca1334b4233cb4d52f10c5a6272f92"
  integrity sha512-/NOTfLrsPBVeH7YtFPgsVWveuL+4SjjYxaQ1xtM1KMFj7HdxlBlxeyNLzhyJVx7r4rZGJAZ/6lkKCitSc/Nmpg==

mime-types@^2.1.12:
  version "2.1.27"
  resolved "https://registry.yarnpkg.com/mime-types/-/mime-types-2.1.27.tgz#47949f98e279ea53119f5722e0f34e529bec009f"
  integrity sha512-JIhqnCasI9yD+SsmkquHBxTSEuZdQX5BuQnS2Vc7puQQQ+8yiP5AY5uWhpdv4YL4VM5c6iliiYWPgJ/nJQLp7w==
  dependencies:
    mime-db "1.44.0"

mime@^2.4.6:
  version "2.4.6"
  resolved "https://registry.yarnpkg.com/mime/-/mime-2.4.6.tgz#e5b407c90db442f2beb5b162373d07b69affa4d1"
  integrity sha512-RZKhC3EmpBchfTGBVb8fb+RL2cWyw/32lshnsETttkBAyAUXSGHxbEJWWRXc751DrIxG1q04b8QwMbAwkRPpUA==

mimic-response@^3.1.0:
  version "3.1.0"
  resolved "https://registry.yarnpkg.com/mimic-response/-/mimic-response-3.1.0.tgz#2d1d59af9c1b129815accc2c46a022a5ce1fa3c9"
  integrity sha512-z0yWI+4FDrrweS8Zmt4Ej5HdJmky15+L2e6Wgn3+iK5fWzb6T3fhNFq2+MeTRb064c6Wr4N/wv0DzQTjNzHNGQ==

mimic-response@^4.0.0:
  version "4.0.0"
  resolved "https://registry.yarnpkg.com/mimic-response/-/mimic-response-4.0.0.tgz#35468b19e7c75d10f5165ea25e75a5ceea7cf70f"
  integrity sha512-e5ISH9xMYU0DzrT+jl8q2ze9D6eWBto+I8CNpe+VI+K2J/F/k3PdkdTdz4wvGVH4NTpo+NRYTVIuMQEMMcsLqg==

ms@^2.1.1:
  version "2.1.2"
  resolved "https://registry.yarnpkg.com/ms/-/ms-2.1.2.tgz#d09d1f357b443f493382a8eb3ccd183872ae6009"
  integrity sha512-sGkPx+VjMtmA6MX27oA4FBFELFCZZ4S4XqeGOXCv68tT+jb3vk/RyaKWP0PTKyWtmLSM0b+adUTEvbs1PEaH2w==

node-fetch@2.6.1:
  version "2.6.1"
  resolved "https://registry.yarnpkg.com/node-fetch/-/node-fetch-2.6.1.tgz#045bd323631f76ed2e2b55573394416b639a0052"
  integrity sha512-V4aYg89jEoVRxRb2fJdAg8FHvI7cEyYdVAh94HH0UIK8oJxUfkjlDQN9RbMx+bEjP7+ggMiFRprSti032Oipxw==

normalize-url@^7.1.0:
  version "7.1.0"
  resolved "https://registry.yarnpkg.com/normalize-url/-/normalize-url-7.1.0.tgz#967f4c7345314d05cf9b2a05fb4948e140d491b2"
  integrity sha512-JgkdydFdLe1E5Q7DpLvKVyBZOOwXYGhIbMbOMm3lJ06XKzaiit+qo1HciO3z3IFklStfarzJHVQf9ZcNPTvZlw==

p-cancelable@^3.0.0:
  version "3.0.0"
  resolved "https://registry.yarnpkg.com/p-cancelable/-/p-cancelable-3.0.0.tgz#63826694b54d61ca1c20ebcb6d3ecf5e14cd8050"
  integrity sha512-mlVgR3PGuzlo0MmTdk4cXqXWlwQDLnONTAg6sm62XkMJEiRxN3GL3SffkYvqwonbkJBcrI7Uvv5Zh9yjvn2iUw==

psl@^1.1.28:
  version "1.8.0"
  resolved "https://registry.yarnpkg.com/psl/-/psl-1.8.0.tgz#9326f8bcfb013adcc005fdff056acce020e51c24"
  integrity sha512-RIdOzyoavK+hA18OGGWDqUTsCLhtA7IcZ/6NCs4fFJaHBDab+pDDmDIByWFRQJq2Cd7r1OoQxBGKOaztq+hjIQ==

punycode@^2.1.1:
  version "2.1.1"
  resolved "https://registry.yarnpkg.com/punycode/-/punycode-2.1.1.tgz#b58b010ac40c22c5657616c8d2c2c02c7bf479ec"
  integrity sha512-XRsRjdf+j5ml+y/6GKHPZbrF/8p2Yga0JPtdqTIY2Xe5ohJPD9saDJJLPvp9+NSBprVvevdXZybnj2cv8OEd0A==

qs@^6.9.4:
  version "6.9.4"
  resolved "https://registry.yarnpkg.com/qs/-/qs-6.9.4.tgz#9090b290d1f91728d3c22e54843ca44aea5ab687"
  integrity sha512-A1kFqHekCTM7cz0udomYUoYNWjBebHm/5wzU/XqrBRBNWectVH0QIiN+NEcZ0Dte5hvzHwbr8+XQmguPhJ6WdQ==

quick-lru@^5.1.1:
  version "5.1.1"
  resolved "https://registry.yarnpkg.com/quick-lru/-/quick-lru-5.1.1.tgz#366493e6b3e42a3a6885e2e99d18f80fb7a8c932"
  integrity sha512-WuyALRjWPDGtt/wzJiadO5AXY+8hZ80hVpe6MyivgraREW751X3SbhRvG3eLKOYN+8VEvqLcf3wdnt44Z4S4SA==

readable-stream@^3.6.0:
  version "3.6.0"
  resolved "https://registry.yarnpkg.com/readable-stream/-/readable-stream-3.6.0.tgz#337bbda3adc0706bd3e024426a286d4b4b2c9198"
  integrity sha512-BViHy7LKeTz4oNnkcLJ+lVSL6vpiFeX6/d3oSH8zCW7UxP2onchk+vTGB143xuFjHS3deTgkKoXXymXqymiIdA==
  dependencies:
    inherits "^2.0.3"
    string_decoder "^1.1.1"
    util-deprecate "^1.0.1"

request-promise-core@1.1.4:
  version "1.1.4"
  resolved "https://registry.yarnpkg.com/request-promise-core/-/request-promise-core-1.1.4.tgz#3eedd4223208d419867b78ce815167d10593a22f"
  integrity sha512-TTbAfBBRdWD7aNNOoVOBH4pN/KigV6LyapYNNlAPA8JwbovRti1E88m3sYAwsLi5ryhPKsE9APwnjFTgdUjTpw==
  dependencies:
    lodash "^4.17.19"

request-promise-native@1.0.9:
  version "1.0.9"
  resolved "https://registry.yarnpkg.com/request-promise-native/-/request-promise-native-1.0.9.tgz#e407120526a5efdc9a39b28a5679bf47b9d9dc28"
  integrity sha512-wcW+sIUiWnKgNY0dqCpOZkUbF/I+YPi+f09JZIDa39Ec+q82CpSYniDp+ISgTTbKmnpJWASeJBPZmoxH84wt3g==
  dependencies:
    request-promise-core "1.1.4"
    stealthy-require "^1.1.1"
    tough-cookie "^2.3.3"

resolve-alpn@^1.2.0:
  version "1.2.1"
  resolved "https://registry.yarnpkg.com/resolve-alpn/-/resolve-alpn-1.2.1.tgz#b7adbdac3546aaaec20b45e7d8265927072726f9"
  integrity sha512-0a1F4l73/ZFZOakJnQ3FvkJ2+gSTQWz/r2KE5OdDY0TxPm5h4GkqkWWfM47T7HsbnOtcJVEF4epCVy6u7Q3K+g==

responselike@^3.0.0:
  version "3.0.0"
  resolved "https://registry.yarnpkg.com/responselike/-/responselike-3.0.0.tgz#20decb6c298aff0dbee1c355ca95461d42823626"
  integrity sha512-40yHxbNcl2+rzXvZuVkrYohathsSJlMTXKryG5y8uciHv1+xDLHQpgjG64JUO9nrEq2jGLH6IZ8BcZyw3wrweg==
  dependencies:
    lowercase-keys "^3.0.0"

safe-buffer@~5.2.0:
  version "5.2.1"
  resolved "https://registry.yarnpkg.com/safe-buffer/-/safe-buffer-5.2.1.tgz#1eaf9fa9bdb1fdd4ec75f58f9cdb4e6b7827eec6"
  integrity sha512-rp3So07KcdmmKbGvgaNxQSJr7bGVSVk5S9Eq1F+ppbRo70+YeaDxkw5Dd8NPN+GD6bjnYm2VuPuCXmpuYvmCXQ==

semver@^7.3.2:
  version "7.3.2"
  resolved "https://registry.yarnpkg.com/semver/-/semver-7.3.2.tgz#604962b052b81ed0786aae84389ffba70ffd3938"
  integrity sha512-OrOb32TeeambH6UrhtShmF7CRDqhL6/5XpPNp2DuRH6+9QLw/orhp72j87v8Qa1ScDkvrrBNpZcDejAirJmfXQ==

stealthy-require@^1.1.1:
  version "1.1.1"
  resolved "https://registry.yarnpkg.com/stealthy-require/-/stealthy-require-1.1.1.tgz#35b09875b4ff49f26a777e509b3090a3226bf24b"
  integrity sha1-NbCYdbT/SfJqd35QmzCQoyJr8ks=

string_decoder@^1.1.1:
  version "1.3.0"
  resolved "https://registry.yarnpkg.com/string_decoder/-/string_decoder-1.3.0.tgz#42f114594a46cf1a8e30b0a84f56c78c3edac21e"
  integrity sha512-hkRX8U1WjJFd8LsDJ2yQ/wWWxaopEsABU1XfkM8A+j0+85JAGppt16cr1Whg6KIbb4okU6Mql6BOj+uup/wKeA==
  dependencies:
    safe-buffer "~5.2.0"

superagent@6.1.0:
  version "6.1.0"
  resolved "https://registry.yarnpkg.com/superagent/-/superagent-6.1.0.tgz#09f08807bc41108ef164cfb4be293cebd480f4a6"
  integrity sha512-OUDHEssirmplo3F+1HWKUrUjvnQuA+nZI6i/JJBdXb5eq9IyEQwPyPpqND+SSsxf6TygpBEkUjISVRN4/VOpeg==
  dependencies:
    component-emitter "^1.3.0"
    cookiejar "^2.1.2"
    debug "^4.1.1"
    fast-safe-stringify "^2.0.7"
    form-data "^3.0.0"
    formidable "^1.2.2"
    methods "^1.1.2"
    mime "^2.4.6"
    qs "^6.9.4"
    readable-stream "^3.6.0"
    semver "^7.3.2"

tough-cookie@^2.3.3:
  version "2.5.0"
  resolved "https://registry.yarnpkg.com/tough-cookie/-/tough-cookie-2.5.0.tgz#cd9fb2a0aa1d5a12b473bd9fb96fa3dcff65ade2"
  integrity sha512-nlLsUzgm1kfLXSXfRZMc1KLAugd4hqJHDTvc2hDIwS3mZAfMEuMbc03SujMF+GEcpaX/qboeycw6iO8JwVv2+g==
  dependencies:
    psl "^1.1.28"
    punycode "^2.1.1"

ts-node@10.4.0:
  version "10.4.0"
  resolved "https://registry.yarnpkg.com/ts-node/-/ts-node-10.4.0.tgz#680f88945885f4e6cf450e7f0d6223dd404895f7"
  integrity sha512-g0FlPvvCXSIO1JDF6S232P5jPYqBkRL9qly81ZgAOSU7rwI0stphCgd2kLiCrU9DjQCrJMWEqcNSjQL02s6d8A==
  dependencies:
    "@cspotcode/source-map-support" "0.7.0"
    "@tsconfig/node10" "^1.0.7"
    "@tsconfig/node12" "^1.0.7"
    "@tsconfig/node14" "^1.0.0"
    "@tsconfig/node16" "^1.0.2"
    acorn "^8.4.1"
    acorn-walk "^8.1.1"
    arg "^4.1.0"
    create-require "^1.1.0"
    diff "^4.0.1"
    make-error "^1.1.1"
    yn "3.1.1"

typescript@4.5.5:
  version "4.5.5"
  resolved "https://registry.yarnpkg.com/typescript/-/typescript-4.5.5.tgz#d8c953832d28924a9e3d37c73d729c846c5896f3"
  integrity sha512-TCTIul70LyWe6IJWT8QSYeA54WQe8EjQFU4wY52Fasj5UKx88LNYKCgBEHcOMOrFF1rKGbD8v/xcNWVUq9SymA==

util-deprecate@^1.0.1:
  version "1.0.2"
  resolved "https://registry.yarnpkg.com/util-deprecate/-/util-deprecate-1.0.2.tgz#450d4dc9fa70de732762fbd2d4a28981419a0ccf"
  integrity sha1-RQ1Nyfpw3nMnYvvS1KKJgUGaDM8=

yn@3.1.1:
  version "3.1.1"
  resolved "https://registry.yarnpkg.com/yn/-/yn-3.1.1.tgz#1e87401a09d767c1d5eab26a6e4c185182d2eb50"
  integrity sha512-Ux4ygGWsu2c7isFWe8Yu1YluJmqVhxqK2cLXNQA5AcC3QfbGNpM7fu0Y8b/z16pXLnFxZYvWhd3fhBY9DLmC6Q==
